// !$*UTF8*$!
{
	archiveVersion = 1;
	classes = {
	};
	objectVersion = 46;
	objects = {

/* Begin PBXBuildFile section */
		9F42A2631A9922FA00308CBF /* AppDelegate.swift in Sources */ = {isa = PBXBuildFile; fileRef = 9F42A2621A9922FA00308CBF /* AppDelegate.swift */; };
		9F42A2661A9922FA00308CBF /* IceBreaker.xcdatamodeld in Sources */ = {isa = PBXBuildFile; fileRef = 9F42A2641A9922FA00308CBF /* IceBreaker.xcdatamodeld */; };
		9F42A26B1A9922FA00308CBF /* Main.storyboard in Resources */ = {isa = PBXBuildFile; fileRef = 9F42A2691A9922FA00308CBF /* Main.storyboard */; };
		9F42A26D1A9922FA00308CBF /* Images.xcassets in Resources */ = {isa = PBXBuildFile; fileRef = 9F42A26C1A9922FA00308CBF /* Images.xcassets */; };
		9F42A2701A9922FA00308CBF /* LaunchScreen.xib in Resources */ = {isa = PBXBuildFile; fileRef = 9F42A26E1A9922FA00308CBF /* LaunchScreen.xib */; };
		9F42A27C1A9922FA00308CBF /* IceBreakerTests.swift in Sources */ = {isa = PBXBuildFile; fileRef = 9F42A27B1A9922FA00308CBF /* IceBreakerTests.swift */; };
		9F42A2911A9923A900308CBF /* Podfile in Resources */ = {isa = PBXBuildFile; fileRef = 9F42A2901A9923A900308CBF /* Podfile */; };
		9F42A29A1A9924BA00308CBF /* BeaconManager.swift in Sources */ = {isa = PBXBuildFile; fileRef = 9F42A2941A9924BA00308CBF /* BeaconManager.swift */; };
		9F42A29B1A9924BA00308CBF /* Beacon.swift in Sources */ = {isa = PBXBuildFile; fileRef = 9F42A2961A9924BA00308CBF /* Beacon.swift */; };
		9F42A29C1A9924BA00308CBF /* ScanViewController.swift in Sources */ = {isa = PBXBuildFile; fileRef = 9F42A2981A9924BA00308CBF /* ScanViewController.swift */; };
		9F42A29D1A9924BA00308CBF /* Constants.swift in Sources */ = {isa = PBXBuildFile; fileRef = 9F42A2991A9924BA00308CBF /* Constants.swift */; };
		9F42A2A41A9927CB00308CBF /* RESTManager.swift in Sources */ = {isa = PBXBuildFile; fileRef = 9F42A2A31A9927CB00308CBF /* RESTManager.swift */; };
		9F42A2A61A9971FF00308CBF /* Queue.swift in Sources */ = {isa = PBXBuildFile; fileRef = 9F42A2A51A9971FF00308CBF /* Queue.swift */; };
		C9795081863F44460B0F0FB0 /* libPods.a in Frameworks */ = {isa = PBXBuildFile; fileRef = 895763D62B1C74A0128E0309 /* libPods.a */; };
/* End PBXBuildFile section */

/* Begin PBXContainerItemProxy section */
		9F42A2761A9922FA00308CBF /* PBXContainerItemProxy */ = {
			isa = PBXContainerItemProxy;
			containerPortal = 9F42A2551A9922FA00308CBF /* Project object */;
			proxyType = 1;
			remoteGlobalIDString = 9F42A25C1A9922FA00308CBF;
			remoteInfo = IceBreaker;
		};
/* End PBXContainerItemProxy section */

/* Begin PBXFileReference section */
		4D0E3E08B5216E37E7ADAEC2 /* Pods.release.xcconfig */ = {isa = PBXFileReference; includeInIndex = 1; lastKnownFileType = text.xcconfig; name = Pods.release.xcconfig; path = "Pods/Target Support Files/Pods/Pods.release.xcconfig"; sourceTree = "<group>"; };
		895763D62B1C74A0128E0309 /* libPods.a */ = {isa = PBXFileReference; explicitFileType = archive.ar; includeInIndex = 0; path = libPods.a; sourceTree = BUILT_PRODUCTS_DIR; };
		9F42A25D1A9922FA00308CBF /* IceBreaker.app */ = {isa = PBXFileReference; explicitFileType = wrapper.application; includeInIndex = 0; path = IceBreaker.app; sourceTree = BUILT_PRODUCTS_DIR; };
		9F42A2611A9922FA00308CBF /* Info.plist */ = {isa = PBXFileReference; lastKnownFileType = text.plist.xml; path = Info.plist; sourceTree = "<group>"; };
		9F42A2621A9922FA00308CBF /* AppDelegate.swift */ = {isa = PBXFileReference; lastKnownFileType = sourcecode.swift; path = AppDelegate.swift; sourceTree = "<group>"; };
		9F42A2651A9922FA00308CBF /* IceBreaker.xcdatamodel */ = {isa = PBXFileReference; lastKnownFileType = wrapper.xcdatamodel; path = IceBreaker.xcdatamodel; sourceTree = "<group>"; };
		9F42A26A1A9922FA00308CBF /* Base */ = {isa = PBXFileReference; lastKnownFileType = file.storyboard; name = Base; path = Base.lproj/Main.storyboard; sourceTree = "<group>"; };
		9F42A26C1A9922FA00308CBF /* Images.xcassets */ = {isa = PBXFileReference; lastKnownFileType = folder.assetcatalog; path = Images.xcassets; sourceTree = "<group>"; };
		9F42A26F1A9922FA00308CBF /* Base */ = {isa = PBXFileReference; lastKnownFileType = file.xib; name = Base; path = Base.lproj/LaunchScreen.xib; sourceTree = "<group>"; };
		9F42A2751A9922FA00308CBF /* IceBreakerTests.xctest */ = {isa = PBXFileReference; explicitFileType = wrapper.cfbundle; includeInIndex = 0; path = IceBreakerTests.xctest; sourceTree = BUILT_PRODUCTS_DIR; };
		9F42A27A1A9922FA00308CBF /* Info.plist */ = {isa = PBXFileReference; lastKnownFileType = text.plist.xml; path = Info.plist; sourceTree = "<group>"; };
		9F42A27B1A9922FA00308CBF /* IceBreakerTests.swift */ = {isa = PBXFileReference; lastKnownFileType = sourcecode.swift; path = IceBreakerTests.swift; sourceTree = "<group>"; };
		9F42A2901A9923A900308CBF /* Podfile */ = {isa = PBXFileReference; fileEncoding = 4; lastKnownFileType = text; path = Podfile; sourceTree = "<group>"; xcLanguageSpecificationIdentifier = xcode.lang.ruby; };
		9F42A2941A9924BA00308CBF /* BeaconManager.swift */ = {isa = PBXFileReference; fileEncoding = 4; lastKnownFileType = sourcecode.swift; path = BeaconManager.swift; sourceTree = "<group>"; };
		9F42A2961A9924BA00308CBF /* Beacon.swift */ = {isa = PBXFileReference; fileEncoding = 4; lastKnownFileType = sourcecode.swift; path = Beacon.swift; sourceTree = "<group>"; };
		9F42A2981A9924BA00308CBF /* ScanViewController.swift */ = {isa = PBXFileReference; fileEncoding = 4; lastKnownFileType = sourcecode.swift; path = ScanViewController.swift; sourceTree = "<group>"; };
		9F42A2991A9924BA00308CBF /* Constants.swift */ = {isa = PBXFileReference; fileEncoding = 4; lastKnownFileType = sourcecode.swift; path = Constants.swift; sourceTree = "<group>"; };
		9F42A29E1A9925D300308CBF /* IceBreaker-Bridging-Header.h */ = {isa = PBXFileReference; lastKnownFileType = sourcecode.c.h; path = "IceBreaker-Bridging-Header.h"; sourceTree = "<group>"; };
		9F42A2A31A9927CB00308CBF /* RESTManager.swift */ = {isa = PBXFileReference; fileEncoding = 4; lastKnownFileType = sourcecode.swift; name = RESTManager.swift; path = Utilities/RESTManager.swift; sourceTree = "<group>"; };
		9F42A2A51A9971FF00308CBF /* Queue.swift */ = {isa = PBXFileReference; fileEncoding = 4; lastKnownFileType = sourcecode.swift; name = Queue.swift; path = Utilities/Queue.swift; sourceTree = "<group>"; };
		D03B39DDCBF091ABCC03E209 /* Pods.debug.xcconfig */ = {isa = PBXFileReference; includeInIndex = 1; lastKnownFileType = text.xcconfig; name = Pods.debug.xcconfig; path = "Pods/Target Support Files/Pods/Pods.debug.xcconfig"; sourceTree = "<group>"; };
/* End PBXFileReference section */

/* Begin PBXFrameworksBuildPhase section */
		9F42A25A1A9922FA00308CBF /* Frameworks */ = {
			isa = PBXFrameworksBuildPhase;
			buildActionMask = 2147483647;
			files = (
				C9795081863F44460B0F0FB0 /* libPods.a in Frameworks */,
			);
			runOnlyForDeploymentPostprocessing = 0;
		};
		9F42A2721A9922FA00308CBF /* Frameworks */ = {
			isa = PBXFrameworksBuildPhase;
			buildActionMask = 2147483647;
			files = (
			);
			runOnlyForDeploymentPostprocessing = 0;
		};
/* End PBXFrameworksBuildPhase section */

/* Begin PBXGroup section */
		9550C9BD27C4A10C50B4F4E7 /* Pods */ = {
			isa = PBXGroup;
			children = (
				D03B39DDCBF091ABCC03E209 /* Pods.debug.xcconfig */,
				4D0E3E08B5216E37E7ADAEC2 /* Pods.release.xcconfig */,
			);
			name = Pods;
			sourceTree = "<group>";
		};
		9F42A2541A9922FA00308CBF = {
			isa = PBXGroup;
			children = (
				9F42A2901A9923A900308CBF /* Podfile */,
				9F42A25F1A9922FA00308CBF /* IceBreaker */,
				9F42A2781A9922FA00308CBF /* IceBreakerTests */,
				9F42A25E1A9922FA00308CBF /* Products */,
				9550C9BD27C4A10C50B4F4E7 /* Pods */,
				B9A531F87199E87E21134B63 /* Frameworks */,
			);
			sourceTree = "<group>";
		};
		9F42A25E1A9922FA00308CBF /* Products */ = {
			isa = PBXGroup;
			children = (
				9F42A25D1A9922FA00308CBF /* IceBreaker.app */,
				9F42A2751A9922FA00308CBF /* IceBreakerTests.xctest */,
			);
			name = Products;
			sourceTree = "<group>";
		};
		9F42A25F1A9922FA00308CBF /* IceBreaker */ = {
			isa = PBXGroup;
			children = (
				9F42A2A21A99278F00308CBF /* Utilities */,
				9F42A2931A9924BA00308CBF /* Manager */,
				9F42A2951A9924BA00308CBF /* Models */,
				9F42A2971A9924BA00308CBF /* ScanViewController */,
				9F42A2621A9922FA00308CBF /* AppDelegate.swift */,
				9F42A2691A9922FA00308CBF /* Main.storyboard */,
				9F42A26C1A9922FA00308CBF /* Images.xcassets */,
				9F42A26E1A9922FA00308CBF /* LaunchScreen.xib */,
				9F42A2641A9922FA00308CBF /* IceBreaker.xcdatamodeld */,
				9F42A2601A9922FA00308CBF /* Supporting Files */,
			);
			path = IceBreaker;
			sourceTree = "<group>";
		};
		9F42A2601A9922FA00308CBF /* Supporting Files */ = {
			isa = PBXGroup;
			children = (
				9F42A29E1A9925D300308CBF /* IceBreaker-Bridging-Header.h */,
				9F42A2611A9922FA00308CBF /* Info.plist */,
			);
			name = "Supporting Files";
			sourceTree = "<group>";
		};
		9F42A2781A9922FA00308CBF /* IceBreakerTests */ = {
			isa = PBXGroup;
			children = (
				9F42A27B1A9922FA00308CBF /* IceBreakerTests.swift */,
				9F42A2791A9922FA00308CBF /* Supporting Files */,
			);
			path = IceBreakerTests;
			sourceTree = "<group>";
		};
		9F42A2791A9922FA00308CBF /* Supporting Files */ = {
			isa = PBXGroup;
			children = (
				9F42A27A1A9922FA00308CBF /* Info.plist */,
			);
			name = "Supporting Files";
			sourceTree = "<group>";
		};
		9F42A2931A9924BA00308CBF /* Manager */ = {
			isa = PBXGroup;
			children = (
				9F42A2941A9924BA00308CBF /* BeaconManager.swift */,
			);
			path = Manager;
			sourceTree = "<group>";
		};
		9F42A2951A9924BA00308CBF /* Models */ = {
			isa = PBXGroup;
			children = (
				9F42A2961A9924BA00308CBF /* Beacon.swift */,
			);
			path = Models;
			sourceTree = "<group>";
		};
		9F42A2971A9924BA00308CBF /* ScanViewController */ = {
			isa = PBXGroup;
			children = (
				9F42A2981A9924BA00308CBF /* ScanViewController.swift */,
			);
			path = ScanViewController;
			sourceTree = "<group>";
		};
		9F42A2A21A99278F00308CBF /* Utilities */ = {
			isa = PBXGroup;
			children = (
				9F42A2991A9924BA00308CBF /* Constants.swift */,
				9F42A2A31A9927CB00308CBF /* RESTManager.swift */,
				9F42A2A51A9971FF00308CBF /* Queue.swift */,
			);
			name = Utilities;
			sourceTree = "<group>";
		};
		B9A531F87199E87E21134B63 /* Frameworks */ = {
			isa = PBXGroup;
			children = (
				895763D62B1C74A0128E0309 /* libPods.a */,
			);
			name = Frameworks;
			sourceTree = "<group>";
		};
/* End PBXGroup section */

/* Begin PBXNativeTarget section */
		9F42A25C1A9922FA00308CBF /* IceBreaker */ = {
			isa = PBXNativeTarget;
			buildConfigurationList = 9F42A27F1A9922FA00308CBF /* Build configuration list for PBXNativeTarget "IceBreaker" */;
			buildPhases = (
				30138BC958585CB9C6158EC7 /* Check Pods Manifest.lock */,
				9F42A2591A9922FA00308CBF /* Sources */,
				9F42A25A1A9922FA00308CBF /* Frameworks */,
				9F42A25B1A9922FA00308CBF /* Resources */,
				56793C3ACA4E600CD9A1FC6E /* Copy Pods Resources */,
			);
			buildRules = (
			);
			dependencies = (
			);
			name = IceBreaker;
			productName = IceBreaker;
			productReference = 9F42A25D1A9922FA00308CBF /* IceBreaker.app */;
			productType = "com.apple.product-type.application";
		};
		9F42A2741A9922FA00308CBF /* IceBreakerTests */ = {
			isa = PBXNativeTarget;
			buildConfigurationList = 9F42A2821A9922FA00308CBF /* Build configuration list for PBXNativeTarget "IceBreakerTests" */;
			buildPhases = (
				9F42A2711A9922FA00308CBF /* Sources */,
				9F42A2721A9922FA00308CBF /* Frameworks */,
				9F42A2731A9922FA00308CBF /* Resources */,
			);
			buildRules = (
			);
			dependencies = (
				9F42A2771A9922FA00308CBF /* PBXTargetDependency */,
			);
			name = IceBreakerTests;
			productName = IceBreakerTests;
			productReference = 9F42A2751A9922FA00308CBF /* IceBreakerTests.xctest */;
			productType = "com.apple.product-type.bundle.unit-test";
		};
/* End PBXNativeTarget section */

/* Begin PBXProject section */
		9F42A2551A9922FA00308CBF /* Project object */ = {
			isa = PBXProject;
			attributes = {
				LastUpgradeCheck = 0610;
				ORGANIZATIONNAME = floridapoly.IceMakers;
				TargetAttributes = {
					9F42A25C1A9922FA00308CBF = {
						CreatedOnToolsVersion = 6.1.1;
						SystemCapabilities = {
							com.apple.BackgroundModes = {
								enabled = 1;
							};
						};
					};
					9F42A2741A9922FA00308CBF = {
						CreatedOnToolsVersion = 6.1.1;
						TestTargetID = 9F42A25C1A9922FA00308CBF;
					};
				};
			};
			buildConfigurationList = 9F42A2581A9922FA00308CBF /* Build configuration list for PBXProject "IceBreaker" */;
			compatibilityVersion = "Xcode 3.2";
			developmentRegion = English;
			hasScannedForEncodings = 0;
			knownRegions = (
				en,
				Base,
			);
			mainGroup = 9F42A2541A9922FA00308CBF;
			productRefGroup = 9F42A25E1A9922FA00308CBF /* Products */;
			projectDirPath = "";
			projectRoot = "";
			targets = (
				9F42A25C1A9922FA00308CBF /* IceBreaker */,
				9F42A2741A9922FA00308CBF /* IceBreakerTests */,
			);
		};
/* End PBXProject section */

/* Begin PBXResourcesBuildPhase section */
		9F42A25B1A9922FA00308CBF /* Resources */ = {
			isa = PBXResourcesBuildPhase;
			buildActionMask = 2147483647;
			files = (
				9F42A26B1A9922FA00308CBF /* Main.storyboard in Resources */,
				9F42A2701A9922FA00308CBF /* LaunchScreen.xib in Resources */,
				9F42A2911A9923A900308CBF /* Podfile in Resources */,
				9F42A26D1A9922FA00308CBF /* Images.xcassets in Resources */,
			);
			runOnlyForDeploymentPostprocessing = 0;
		};
		9F42A2731A9922FA00308CBF /* Resources */ = {
			isa = PBXResourcesBuildPhase;
			buildActionMask = 2147483647;
			files = (
			);
			runOnlyForDeploymentPostprocessing = 0;
		};
/* End PBXResourcesBuildPhase section */

/* Begin PBXShellScriptBuildPhase section */
		30138BC958585CB9C6158EC7 /* Check Pods Manifest.lock */ = {
			isa = PBXShellScriptBuildPhase;
			buildActionMask = 2147483647;
			files = (
			);
			inputPaths = (
			);
			name = "Check Pods Manifest.lock";
			outputPaths = (
			);
			runOnlyForDeploymentPostprocessing = 0;
			shellPath = /bin/sh;
			shellScript = "diff \"${PODS_ROOT}/../Podfile.lock\" \"${PODS_ROOT}/Manifest.lock\" > /dev/null\nif [[ $? != 0 ]] ; then\n    cat << EOM\nerror: The sandbox is not in sync with the Podfile.lock. Run 'pod install' or update your CocoaPods installation.\nEOM\n    exit 1\nfi\n";
			showEnvVarsInLog = 0;
		};
		56793C3ACA4E600CD9A1FC6E /* Copy Pods Resources */ = {
			isa = PBXShellScriptBuildPhase;
			buildActionMask = 2147483647;
			files = (
			);
			inputPaths = (
			);
			name = "Copy Pods Resources";
			outputPaths = (
			);
			runOnlyForDeploymentPostprocessing = 0;
			shellPath = /bin/sh;
			shellScript = "\"${SRCROOT}/Pods/Target Support Files/Pods/Pods-resources.sh\"\n";
			showEnvVarsInLog = 0;
		};
/* End PBXShellScriptBuildPhase section */

/* Begin PBXSourcesBuildPhase section */
		9F42A2591A9922FA00308CBF /* Sources */ = {
			isa = PBXSourcesBuildPhase;
			buildActionMask = 2147483647;
			files = (
				9F42A29A1A9924BA00308CBF /* BeaconManager.swift in Sources */,
				9F42A29B1A9924BA00308CBF /* Beacon.swift in Sources */,
				9F42A2661A9922FA00308CBF /* IceBreaker.xcdatamodeld in Sources */,
				9F42A2A61A9971FF00308CBF /* Queue.swift in Sources */,
				9F42A29D1A9924BA00308CBF /* Constants.swift in Sources */,
				9F42A2A41A9927CB00308CBF /* RESTManager.swift in Sources */,
				9F42A2631A9922FA00308CBF /* AppDelegate.swift in Sources */,
				9F42A29C1A9924BA00308CBF /* ScanViewController.swift in Sources */,
			);
			runOnlyForDeploymentPostprocessing = 0;
		};
		9F42A2711A9922FA00308CBF /* Sources */ = {
			isa = PBXSourcesBuildPhase;
			buildActionMask = 2147483647;
			files = (
				9F42A27C1A9922FA00308CBF /* IceBreakerTests.swift in Sources */,
			);
			runOnlyForDeploymentPostprocessing = 0;
		};
/* End PBXSourcesBuildPhase section */

/* Begin PBXTargetDependency section */
		9F42A2771A9922FA00308CBF /* PBXTargetDependency */ = {
			isa = PBXTargetDependency;
			target = 9F42A25C1A9922FA00308CBF /* IceBreaker */;
			targetProxy = 9F42A2761A9922FA00308CBF /* PBXContainerItemProxy */;
		};
/* End PBXTargetDependency section */

/* Begin PBXVariantGroup section */
		9F42A2691A9922FA00308CBF /* Main.storyboard */ = {
			isa = PBXVariantGroup;
			children = (
				9F42A26A1A9922FA00308CBF /* Base */,
			);
			name = Main.storyboard;
			sourceTree = "<group>";
		};
		9F42A26E1A9922FA00308CBF /* LaunchScreen.xib */ = {
			isa = PBXVariantGroup;
			children = (
				9F42A26F1A9922FA00308CBF /* Base */,
			);
			name = LaunchScreen.xib;
			sourceTree = "<group>";
		};
/* End PBXVariantGroup section */

/* Begin XCBuildConfiguration section */
		9F42A27D1A9922FA00308CBF /* Debug */ = {
			isa = XCBuildConfiguration;
			buildSettings = {
				ALWAYS_SEARCH_USER_PATHS = NO;
				CLANG_CXX_LANGUAGE_STANDARD = "gnu++0x";
				CLANG_CXX_LIBRARY = "libc++";
				CLANG_ENABLE_MODULES = YES;
				CLANG_ENABLE_OBJC_ARC = YES;
				CLANG_WARN_BOOL_CONVERSION = YES;
				CLANG_WARN_CONSTANT_CONVERSION = YES;
				CLANG_WARN_DIRECT_OBJC_ISA_USAGE = YES_ERROR;
				CLANG_WARN_EMPTY_BODY = YES;
				CLANG_WARN_ENUM_CONVERSION = YES;
				CLANG_WARN_INT_CONVERSION = YES;
				CLANG_WARN_OBJC_ROOT_CLASS = YES_ERROR;
				CLANG_WARN_UNREACHABLE_CODE = YES;
				CLANG_WARN__DUPLICATE_METHOD_MATCH = YES;
				"CODE_SIGN_IDENTITY[sdk=iphoneos*]" = "iPhone Developer";
				COPY_PHASE_STRIP = NO;
				ENABLE_STRICT_OBJC_MSGSEND = YES;
				GCC_C_LANGUAGE_STANDARD = gnu99;
				GCC_DYNAMIC_NO_PIC = NO;
				GCC_OPTIMIZATION_LEVEL = 0;
				GCC_PREPROCESSOR_DEFINITIONS = (
					"DEBUG=1",
					"$(inherited)",
				);
				GCC_SYMBOLS_PRIVATE_EXTERN = NO;
				GCC_WARN_64_TO_32_BIT_CONVERSION = YES;
				GCC_WARN_ABOUT_RETURN_TYPE = YES_ERROR;
				GCC_WARN_UNDECLARED_SELECTOR = YES;
				GCC_WARN_UNINITIALIZED_AUTOS = YES_AGGRESSIVE;
				GCC_WARN_UNUSED_FUNCTION = YES;
				GCC_WARN_UNUSED_VARIABLE = YES;
				IPHONEOS_DEPLOYMENT_TARGET = 8.1;
				MTL_ENABLE_DEBUG_INFO = YES;
				ONLY_ACTIVE_ARCH = YES;
				SDKROOT = iphoneos;
				SWIFT_OPTIMIZATION_LEVEL = "-Onone";
			};
			name = Debug;
		};
		9F42A27E1A9922FA00308CBF /* Release */ = {
			isa = XCBuildConfiguration;
			buildSettings = {
				ALWAYS_SEARCH_USER_PATHS = NO;
				CLANG_CXX_LANGUAGE_STANDARD = "gnu++0x";
				CLANG_CXX_LIBRARY = "libc++";
				CLANG_ENABLE_MODULES = YES;
				CLANG_ENABLE_OBJC_ARC = YES;
				CLANG_WARN_BOOL_CONVERSION = YES;
				CLANG_WARN_CONSTANT_CONVERSION = YES;
				CLANG_WARN_DIRECT_OBJC_ISA_USAGE = YES_ERROR;
				CLANG_WARN_EMPTY_BODY = YES;
				CLANG_WARN_ENUM_CONVERSION = YES;
				CLANG_WARN_INT_CONVERSION = YES;
				CLANG_WARN_OBJC_ROOT_CLASS = YES_ERROR;
				CLANG_WARN_UNREACHABLE_CODE = YES;
				CLANG_WARN__DUPLICATE_METHOD_MATCH = YES;
				"CODE_SIGN_IDENTITY[sdk=iphoneos*]" = "iPhone Developer";
				COPY_PHASE_STRIP = YES;
				ENABLE_NS_ASSERTIONS = NO;
				ENABLE_STRICT_OBJC_MSGSEND = YES;
				GCC_C_LANGUAGE_STANDARD = gnu99;
				GCC_WARN_64_TO_32_BIT_CONVERSION = YES;
				GCC_WARN_ABOUT_RETURN_TYPE = YES_ERROR;
				GCC_WARN_UNDECLARED_SELECTOR = YES;
				GCC_WARN_UNINITIALIZED_AUTOS = YES_AGGRESSIVE;
				GCC_WARN_UNUSED_FUNCTION = YES;
				GCC_WARN_UNUSED_VARIABLE = YES;
				IPHONEOS_DEPLOYMENT_TARGET = 8.1;
				MTL_ENABLE_DEBUG_INFO = NO;
				SDKROOT = iphoneos;
				VALIDATE_PRODUCT = YES;
			};
			name = Release;
		};
		9F42A2801A9922FA00308CBF /* Debug */ = {
			isa = XCBuildConfiguration;
			baseConfigurationReference = D03B39DDCBF091ABCC03E209 /* Pods.debug.xcconfig */;
			buildSettings = {
				ASSETCATALOG_COMPILER_APPICON_NAME = AppIcon;
				CLANG_ENABLE_MODULES = YES;
				INFOPLIST_FILE = IceBreaker/Info.plist;
				LD_RUNPATH_SEARCH_PATHS = "$(inherited) @executable_path/Frameworks";
				PRODUCT_NAME = "$(TARGET_NAME)";
				SWIFT_OBJC_BRIDGING_HEADER = "IceBreaker/IceBreaker-Bridging-Header.h";
				SWIFT_OPTIMIZATION_LEVEL = "-Onone";
			};
			name = Debug;
		};
		9F42A2811A9922FA00308CBF /* Release */ = {
			isa = XCBuildConfiguration;
			baseConfigurationReference = 4D0E3E08B5216E37E7ADAEC2 /* Pods.release.xcconfig */;
			buildSettings = {
				ASSETCATALOG_COMPILER_APPICON_NAME = AppIcon;
				CLANG_ENABLE_MODULES = YES;
				INFOPLIST_FILE = IceBreaker/Info.plist;
				LD_RUNPATH_SEARCH_PATHS = "$(inherited) @executable_path/Frameworks";
				PRODUCT_NAME = "$(TARGET_NAME)";
				SWIFT_OBJC_BRIDGING_HEADER = "IceBreaker/IceBreaker-Bridging-Header.h";
			};
			name = Release;
		};
		9F42A2831A9922FA00308CBF /* Debug */ = {
			isa = XCBuildConfiguration;
			buildSettings = {
				BUNDLE_LOADER = "$(TEST_HOST)";
				FRAMEWORK_SEARCH_PATHS = (
					"$(SDKROOT)/Developer/Library/Frameworks",
					"$(inherited)",
				);
				GCC_PREPROCESSOR_DEFINITIONS = (
					"DEBUG=1",
					"$(inherited)",
				);
				INFOPLIST_FILE = IceBreakerTests/Info.plist;
				LD_RUNPATH_SEARCH_PATHS = "$(inherited) @executable_path/Frameworks @loader_path/Frameworks";
				PRODUCT_NAME = "$(TARGET_NAME)";
				TEST_HOST = "$(BUILT_PRODUCTS_DIR)/IceBreaker.app/IceBreaker";
			};
			name = Debug;
		};
		9F42A2841A9922FA00308CBF /* Release */ = {
			isa = XCBuildConfiguration;
			buildSettings = {
				BUNDLE_LOADER = "$(TEST_HOST)";
				FRAMEWORK_SEARCH_PATHS = (
					"$(SDKROOT)/Developer/Library/Frameworks",
					"$(inherited)",
				);
				INFOPLIST_FILE = IceBreakerTests/Info.plist;
				LD_RUNPATH_SEARCH_PATHS = "$(inherited) @executable_path/Frameworks @loader_path/Frameworks";
				PRODUCT_NAME = "$(TARGET_NAME)";
				TEST_HOST = "$(BUILT_PRODUCTS_DIR)/IceBreaker.app/IceBreaker";
			};
			name = Release;
		};
/* End XCBuildConfiguration section */

/* Begin XCConfigurationList section */
		9F42A2581A9922FA00308CBF /* Build configuration list for PBXProject "IceBreaker" */ = {
			isa = XCConfigurationList;
			buildConfigurations = (
				9F42A27D1A9922FA00308CBF /* Debug */,
				9F42A27E1A9922FA00308CBF /* Release */,
			);
			defaultConfigurationIsVisible = 0;
			defaultConfigurationName = Release;
		};
		9F42A27F1A9922FA00308CBF /* Build configuration list for PBXNativeTarget "IceBreaker" */ = {
			isa = XCConfigurationList;
			buildConfigurations = (
				9F42A2801A9922FA00308CBF /* Debug */,
				9F42A2811A9922FA00308CBF /* Release */,
			);
			defaultConfigurationIsVisible = 0;
			defaultConfigurationName = Release;
		};
		9F42A2821A9922FA00308CBF /* Build configuration list for PBXNativeTarget "IceBreakerTests" */ = {
			isa = XCConfigurationList;
			buildConfigurations = (
				9F42A2831A9922FA00308CBF /* Debug */,
				9F42A2841A9922FA00308CBF /* Release */,
			);
			defaultConfigurationIsVisible = 0;
			defaultConfigurationName = Release;
		};
/* End XCConfigurationList section */

/* Begin XCVersionGroup section */
		9F42A2641A9922FA00308CBF /* IceBreaker.xcdatamodeld */ = {
			isa = XCVersionGroup;
			children = (
				9F42A2651A9922FA00308CBF /* IceBreaker.xcdatamodel */,
			);
			currentVersion = 9F42A2651A9922FA00308CBF /* IceBreaker.xcdatamodel */;
			path = IceBreaker.xcdatamodeld;
			sourceTree = "<group>";
			versionGroupType = wrapper.xcdatamodel;
		};
/* End XCVersionGroup section */
	};
	rootObject = 9F42A2551A9922FA00308CBF /* Project object */;
}
