// !$*UTF8*$!
{
	archiveVersion = 1;
	classes = {
	};
	objectVersion = 46;
	objects = {

/* Begin PBXBuildFile section */
		9F696A981A98F7550099B0EF /* AppDelegate.swift in Sources */ = {isa = PBXBuildFile; fileRef = 9F696A971A98F7550099B0EF /* AppDelegate.swift */; };
		9F696A9B1A98F7550099B0EF /* IceBreaker.xcdatamodeld in Sources */ = {isa = PBXBuildFile; fileRef = 9F696A991A98F7550099B0EF /* IceBreaker.xcdatamodeld */; };
		9F696A9D1A98F7550099B0EF /* LoginViewController.swift in Sources */ = {isa = PBXBuildFile; fileRef = 9F696A9C1A98F7550099B0EF /* LoginViewController.swift */; };
		9F696AA01A98F7550099B0EF /* Main.storyboard in Resources */ = {isa = PBXBuildFile; fileRef = 9F696A9E1A98F7550099B0EF /* Main.storyboard */; };
		9F696AA21A98F7550099B0EF /* Images.xcassets in Resources */ = {isa = PBXBuildFile; fileRef = 9F696AA11A98F7550099B0EF /* Images.xcassets */; };
		9F696AA51A98F7550099B0EF /* LaunchScreen.xib in Resources */ = {isa = PBXBuildFile; fileRef = 9F696AA31A98F7550099B0EF /* LaunchScreen.xib */; };
		9F696AB11A98F7550099B0EF /* IceBreakerTests.swift in Sources */ = {isa = PBXBuildFile; fileRef = 9F696AB01A98F7550099B0EF /* IceBreakerTests.swift */; };
		9F696ABC1A98F8740099B0EF /* BeaconManager.swift in Sources */ = {isa = PBXBuildFile; fileRef = 9F696ABB1A98F8740099B0EF /* BeaconManager.swift */; };
		9F696ABE1A98F8B80099B0EF /* Podfile in Resources */ = {isa = PBXBuildFile; fileRef = 9F696ABD1A98F8B80099B0EF /* Podfile */; };
		9FF3F9041A98FDE900C81E7F /* Beacon.swift in Sources */ = {isa = PBXBuildFile; fileRef = 9FF3F9031A98FDE900C81E7F /* Beacon.swift */; };
		9FF3F9071A9900A800C81E7F /* ScanViewController.swift in Sources */ = {isa = PBXBuildFile; fileRef = 9FF3F9061A9900A800C81E7F /* ScanViewController.swift */; };
		9FF3F90A1A9908F100C81E7F /* Constants.swift in Sources */ = {isa = PBXBuildFile; fileRef = 9FF3F9091A9908F100C81E7F /* Constants.swift */; };
		D5A69CEFAF8A8454E6A16A79 /* libPods.a in Frameworks */ = {isa = PBXBuildFile; fileRef = 8F93608946865A1E54A61869 /* libPods.a */; };
/* End PBXBuildFile section */

/* Begin PBXContainerItemProxy section */
		9F696AAB1A98F7550099B0EF /* PBXContainerItemProxy */ = {
			isa = PBXContainerItemProxy;
			containerPortal = 9F696A8A1A98F7550099B0EF /* Project object */;
			proxyType = 1;
			remoteGlobalIDString = 9F696A911A98F7550099B0EF;
			remoteInfo = IceBreaker;
		};
/* End PBXContainerItemProxy section */

/* Begin PBXFileReference section */
		2667C5A86B1846148DCCE327 /* Pods.debug.xcconfig */ = {isa = PBXFileReference; includeInIndex = 1; lastKnownFileType = text.xcconfig; name = Pods.debug.xcconfig; path = "Pods/Target Support Files/Pods/Pods.debug.xcconfig"; sourceTree = "<group>"; };
		8F93608946865A1E54A61869 /* libPods.a */ = {isa = PBXFileReference; explicitFileType = archive.ar; includeInIndex = 0; path = libPods.a; sourceTree = BUILT_PRODUCTS_DIR; };
		9F696A921A98F7550099B0EF /* IceBreaker.app */ = {isa = PBXFileReference; explicitFileType = wrapper.application; includeInIndex = 0; path = IceBreaker.app; sourceTree = BUILT_PRODUCTS_DIR; };
		9F696A961A98F7550099B0EF /* Info.plist */ = {isa = PBXFileReference; lastKnownFileType = text.plist.xml; path = Info.plist; sourceTree = "<group>"; };
		9F696A971A98F7550099B0EF /* AppDelegate.swift */ = {isa = PBXFileReference; lastKnownFileType = sourcecode.swift; path = AppDelegate.swift; sourceTree = "<group>"; };
		9F696A9A1A98F7550099B0EF /* IceBreaker.xcdatamodel */ = {isa = PBXFileReference; lastKnownFileType = wrapper.xcdatamodel; path = IceBreaker.xcdatamodel; sourceTree = "<group>"; };
		9F696A9C1A98F7550099B0EF /* LoginViewController.swift */ = {isa = PBXFileReference; lastKnownFileType = sourcecode.swift; path = LoginViewController.swift; sourceTree = "<group>"; };
		9F696A9F1A98F7550099B0EF /* Base */ = {isa = PBXFileReference; lastKnownFileType = file.storyboard; name = Base; path = Base.lproj/Main.storyboard; sourceTree = "<group>"; };
		9F696AA11A98F7550099B0EF /* Images.xcassets */ = {isa = PBXFileReference; lastKnownFileType = folder.assetcatalog; path = Images.xcassets; sourceTree = "<group>"; };
		9F696AA41A98F7550099B0EF /* Base */ = {isa = PBXFileReference; lastKnownFileType = file.xib; name = Base; path = Base.lproj/LaunchScreen.xib; sourceTree = "<group>"; };
		9F696AAA1A98F7550099B0EF /* IceBreakerTests.xctest */ = {isa = PBXFileReference; explicitFileType = wrapper.cfbundle; includeInIndex = 0; path = IceBreakerTests.xctest; sourceTree = BUILT_PRODUCTS_DIR; };
		9F696AAF1A98F7550099B0EF /* Info.plist */ = {isa = PBXFileReference; lastKnownFileType = text.plist.xml; path = Info.plist; sourceTree = "<group>"; };
		9F696AB01A98F7550099B0EF /* IceBreakerTests.swift */ = {isa = PBXFileReference; lastKnownFileType = sourcecode.swift; path = IceBreakerTests.swift; sourceTree = "<group>"; };
		9F696ABB1A98F8740099B0EF /* BeaconManager.swift */ = {isa = PBXFileReference; fileEncoding = 4; lastKnownFileType = sourcecode.swift; name = BeaconManager.swift; path = BeaconManager/BeaconManager.swift; sourceTree = "<group>"; };
		9F696ABD1A98F8B80099B0EF /* Podfile */ = {isa = PBXFileReference; fileEncoding = 4; lastKnownFileType = text; path = Podfile; sourceTree = "<group>"; };
		9FF3F9011A98F9C500C81E7F /* Estimote-Bridging-Header.h */ = {isa = PBXFileReference; lastKnownFileType = sourcecode.c.h; path = "Estimote-Bridging-Header.h"; sourceTree = "<group>"; };
		9FF3F9031A98FDE900C81E7F /* Beacon.swift */ = {isa = PBXFileReference; fileEncoding = 4; lastKnownFileType = sourcecode.swift; path = Beacon.swift; sourceTree = "<group>"; };
		9FF3F9061A9900A800C81E7F /* ScanViewController.swift */ = {isa = PBXFileReference; fileEncoding = 4; lastKnownFileType = sourcecode.swift; name = ScanViewController.swift; path = ScanVC/ScanViewController.swift; sourceTree = "<group>"; };
		9FF3F9091A9908F100C81E7F /* Constants.swift */ = {isa = PBXFileReference; fileEncoding = 4; lastKnownFileType = sourcecode.swift; name = Constants.swift; path = Constants/Constants.swift; sourceTree = "<group>"; };
		D784AD8AFE1BB4F74B80B3CA /* Pods.release.xcconfig */ = {isa = PBXFileReference; includeInIndex = 1; lastKnownFileType = text.xcconfig; name = Pods.release.xcconfig; path = "Pods/Target Support Files/Pods/Pods.release.xcconfig"; sourceTree = "<group>"; };
/* End PBXFileReference section */

/* Begin PBXFrameworksBuildPhase section */
		9F696A8F1A98F7550099B0EF /* Frameworks */ = {
			isa = PBXFrameworksBuildPhase;
			buildActionMask = 2147483647;
			files = (
				D5A69CEFAF8A8454E6A16A79 /* libPods.a in Frameworks */,
			);
			runOnlyForDeploymentPostprocessing = 0;
		};
		9F696AA71A98F7550099B0EF /* Frameworks */ = {
			isa = PBXFrameworksBuildPhase;
			buildActionMask = 2147483647;
			files = (
			);
			runOnlyForDeploymentPostprocessing = 0;
		};
/* End PBXFrameworksBuildPhase section */

/* Begin PBXGroup section */
		9F696A891A98F7550099B0EF = {
			isa = PBXGroup;
			children = (
				9F696ABD1A98F8B80099B0EF /* Podfile */,
				9F696A941A98F7550099B0EF /* IceBreaker */,
				9F696AAD1A98F7550099B0EF /* IceBreakerTests */,
				9F696A931A98F7550099B0EF /* Products */,
				A54388B1F0244D3713F513ED /* Pods */,
				A4E81893092DDCA5AFA04CE1 /* Frameworks */,
			);
			sourceTree = "<group>";
		};
		9F696A931A98F7550099B0EF /* Products */ = {
			isa = PBXGroup;
			children = (
				9F696A921A98F7550099B0EF /* IceBreaker.app */,
				9F696AAA1A98F7550099B0EF /* IceBreakerTests.xctest */,
			);
			name = Products;
			sourceTree = "<group>";
		};
		9F696A941A98F7550099B0EF /* IceBreaker */ = {
			isa = PBXGroup;
			children = (
				9FF3F9081A9908C400C81E7F /* Constants */,
				9FF3F9051A99004700C81E7F /* ScanVC */,
				9FF3F9021A98FD9D00C81E7F /* Models */,
				9F696ABA1A98F7A10099B0EF /* BeaconManager */,
				9F696A971A98F7550099B0EF /* AppDelegate.swift */,
				9F696A9C1A98F7550099B0EF /* LoginViewController.swift */,
				9F696A9E1A98F7550099B0EF /* Main.storyboard */,
				9F696AA11A98F7550099B0EF /* Images.xcassets */,
				9F696AA31A98F7550099B0EF /* LaunchScreen.xib */,
				9F696A991A98F7550099B0EF /* IceBreaker.xcdatamodeld */,
				9F696A951A98F7550099B0EF /* Supporting Files */,
			);
			path = IceBreaker;
			sourceTree = "<group>";
		};
		9F696A951A98F7550099B0EF /* Supporting Files */ = {
			isa = PBXGroup;
			children = (
				9FF3F9011A98F9C500C81E7F /* Estimote-Bridging-Header.h */,
				9F696A961A98F7550099B0EF /* Info.plist */,
			);
			name = "Supporting Files";
			sourceTree = "<group>";
		};
		9F696AAD1A98F7550099B0EF /* IceBreakerTests */ = {
			isa = PBXGroup;
			children = (
				9F696AB01A98F7550099B0EF /* IceBreakerTests.swift */,
				9F696AAE1A98F7550099B0EF /* Supporting Files */,
			);
			path = IceBreakerTests;
			sourceTree = "<group>";
		};
		9F696AAE1A98F7550099B0EF /* Supporting Files */ = {
			isa = PBXGroup;
			children = (
				9F696AAF1A98F7550099B0EF /* Info.plist */,
			);
			name = "Supporting Files";
			sourceTree = "<group>";
		};
		9F696ABA1A98F7A10099B0EF /* BeaconManager */ = {
			isa = PBXGroup;
			children = (
				9F696ABB1A98F8740099B0EF /* BeaconManager.swift */,
			);
			name = BeaconManager;
			sourceTree = "<group>";
		};
		9FF3F9021A98FD9D00C81E7F /* Models */ = {
			isa = PBXGroup;
			children = (
				9FF3F9031A98FDE900C81E7F /* Beacon.swift */,
			);
			name = Models;
			sourceTree = "<group>";
		};
		9FF3F9051A99004700C81E7F /* ScanVC */ = {
			isa = PBXGroup;
			children = (
				9FF3F9061A9900A800C81E7F /* ScanViewController.swift */,
			);
			name = ScanVC;
			sourceTree = "<group>";
		};
		9FF3F9081A9908C400C81E7F /* Constants */ = {
			isa = PBXGroup;
			children = (
				9FF3F9091A9908F100C81E7F /* Constants.swift */,
			);
			name = Constants;
			sourceTree = "<group>";
		};
		A4E81893092DDCA5AFA04CE1 /* Frameworks */ = {
			isa = PBXGroup;
			children = (
				8F93608946865A1E54A61869 /* libPods.a */,
			);
			name = Frameworks;
			sourceTree = "<group>";
		};
		A54388B1F0244D3713F513ED /* Pods */ = {
			isa = PBXGroup;
			children = (
				2667C5A86B1846148DCCE327 /* Pods.debug.xcconfig */,
				D784AD8AFE1BB4F74B80B3CA /* Pods.release.xcconfig */,
			);
			name = Pods;
			sourceTree = "<group>";
		};
/* End PBXGroup section */

/* Begin PBXNativeTarget section */
		9F696A911A98F7550099B0EF /* IceBreaker */ = {
			isa = PBXNativeTarget;
			buildConfigurationList = 9F696AB41A98F7550099B0EF /* Build configuration list for PBXNativeTarget "IceBreaker" */;
			buildPhases = (
				7845331EEAD3F2FC39410E5A /* Check Pods Manifest.lock */,
				9F696A8E1A98F7550099B0EF /* Sources */,
				9F696A8F1A98F7550099B0EF /* Frameworks */,
				9F696A901A98F7550099B0EF /* Resources */,
				5D73F3112E9BEB8166278571 /* Copy Pods Resources */,
			);
			buildRules = (
			);
			dependencies = (
			);
			name = IceBreaker;
			productName = IceBreaker;
			productReference = 9F696A921A98F7550099B0EF /* IceBreaker.app */;
			productType = "com.apple.product-type.application";
		};
		9F696AA91A98F7550099B0EF /* IceBreakerTests */ = {
			isa = PBXNativeTarget;
			buildConfigurationList = 9F696AB71A98F7550099B0EF /* Build configuration list for PBXNativeTarget "IceBreakerTests" */;
			buildPhases = (
				9F696AA61A98F7550099B0EF /* Sources */,
				9F696AA71A98F7550099B0EF /* Frameworks */,
				9F696AA81A98F7550099B0EF /* Resources */,
			);
			buildRules = (
			);
			dependencies = (
				9F696AAC1A98F7550099B0EF /* PBXTargetDependency */,
			);
			name = IceBreakerTests;
			productName = IceBreakerTests;
			productReference = 9F696AAA1A98F7550099B0EF /* IceBreakerTests.xctest */;
			productType = "com.apple.product-type.bundle.unit-test";
		};
/* End PBXNativeTarget section */

/* Begin PBXProject section */
		9F696A8A1A98F7550099B0EF /* Project object */ = {
			isa = PBXProject;
			attributes = {
				LastUpgradeCheck = 0610;
				ORGANIZATIONNAME = floridapoly.IceMakers;
				TargetAttributes = {
					9F696A911A98F7550099B0EF = {
						CreatedOnToolsVersion = 6.1.1;
					};
					9F696AA91A98F7550099B0EF = {
						CreatedOnToolsVersion = 6.1.1;
						TestTargetID = 9F696A911A98F7550099B0EF;
					};
				};
			};
			buildConfigurationList = 9F696A8D1A98F7550099B0EF /* Build configuration list for PBXProject "IceBreaker" */;
			compatibilityVersion = "Xcode 3.2";
			developmentRegion = English;
			hasScannedForEncodings = 0;
			knownRegions = (
				en,
				Base,
			);
			mainGroup = 9F696A891A98F7550099B0EF;
			productRefGroup = 9F696A931A98F7550099B0EF /* Products */;
			projectDirPath = "";
			projectRoot = "";
			targets = (
				9F696A911A98F7550099B0EF /* IceBreaker */,
				9F696AA91A98F7550099B0EF /* IceBreakerTests */,
			);
		};
/* End PBXProject section */

/* Begin PBXResourcesBuildPhase section */
		9F696A901A98F7550099B0EF /* Resources */ = {
			isa = PBXResourcesBuildPhase;
			buildActionMask = 2147483647;
			files = (
				9F696AA01A98F7550099B0EF /* Main.storyboard in Resources */,
				9F696AA51A98F7550099B0EF /* LaunchScreen.xib in Resources */,
				9F696ABE1A98F8B80099B0EF /* Podfile in Resources */,
				9F696AA21A98F7550099B0EF /* Images.xcassets in Resources */,
			);
			runOnlyForDeploymentPostprocessing = 0;
		};
		9F696AA81A98F7550099B0EF /* Resources */ = {
			isa = PBXResourcesBuildPhase;
			buildActionMask = 2147483647;
			files = (
			);
			runOnlyForDeploymentPostprocessing = 0;
		};
/* End PBXResourcesBuildPhase section */

/* Begin PBXShellScriptBuildPhase section */
		5D73F3112E9BEB8166278571 /* Copy Pods Resources */ = {
			isa = PBXShellScriptBuildPhase;
			buildActionMask = 2147483647;
			files = (
			);
			inputPaths = (
			);
			name = "Copy Pods Resources";
			outputPaths = (
			);
			runOnlyForDeploymentPostprocessing = 0;
			shellPath = /bin/sh;
			shellScript = "\"${SRCROOT}/Pods/Target Support Files/Pods/Pods-resources.sh\"\n";
			showEnvVarsInLog = 0;
		};
		7845331EEAD3F2FC39410E5A /* Check Pods Manifest.lock */ = {
			isa = PBXShellScriptBuildPhase;
			buildActionMask = 2147483647;
			files = (
			);
			inputPaths = (
			);
			name = "Check Pods Manifest.lock";
			outputPaths = (
			);
			runOnlyForDeploymentPostprocessing = 0;
			shellPath = /bin/sh;
			shellScript = "diff \"${PODS_ROOT}/../Podfile.lock\" \"${PODS_ROOT}/Manifest.lock\" > /dev/null\nif [[ $? != 0 ]] ; then\n    cat << EOM\nerror: The sandbox is not in sync with the Podfile.lock. Run 'pod install' or update your CocoaPods installation.\nEOM\n    exit 1\nfi\n";
			showEnvVarsInLog = 0;
		};
/* End PBXShellScriptBuildPhase section */

/* Begin PBXSourcesBuildPhase section */
		9F696A8E1A98F7550099B0EF /* Sources */ = {
			isa = PBXSourcesBuildPhase;
			buildActionMask = 2147483647;
			files = (
				9F696A9D1A98F7550099B0EF /* LoginViewController.swift in Sources */,
				9F696ABC1A98F8740099B0EF /* BeaconManager.swift in Sources */,
				9FF3F9041A98FDE900C81E7F /* Beacon.swift in Sources */,
				9F696A9B1A98F7550099B0EF /* IceBreaker.xcdatamodeld in Sources */,
				9FF3F90A1A9908F100C81E7F /* Constants.swift in Sources */,
				9F696A981A98F7550099B0EF /* AppDelegate.swift in Sources */,
				9FF3F9071A9900A800C81E7F /* ScanViewController.swift in Sources */,
			);
			runOnlyForDeploymentPostprocessing = 0;
		};
		9F696AA61A98F7550099B0EF /* Sources */ = {
			isa = PBXSourcesBuildPhase;
			buildActionMask = 2147483647;
			files = (
				9F696AB11A98F7550099B0EF /* IceBreakerTests.swift in Sources */,
			);
			runOnlyForDeploymentPostprocessing = 0;
		};
/* End PBXSourcesBuildPhase section */

/* Begin PBXTargetDependency section */
		9F696AAC1A98F7550099B0EF /* PBXTargetDependency */ = {
			isa = PBXTargetDependency;
			target = 9F696A911A98F7550099B0EF /* IceBreaker */;
			targetProxy = 9F696AAB1A98F7550099B0EF /* PBXContainerItemProxy */;
		};
/* End PBXTargetDependency section */

/* Begin PBXVariantGroup section */
		9F696A9E1A98F7550099B0EF /* Main.storyboard */ = {
			isa = PBXVariantGroup;
			children = (
				9F696A9F1A98F7550099B0EF /* Base */,
			);
			name = Main.storyboard;
			sourceTree = "<group>";
		};
		9F696AA31A98F7550099B0EF /* LaunchScreen.xib */ = {
			isa = PBXVariantGroup;
			children = (
				9F696AA41A98F7550099B0EF /* Base */,
			);
			name = LaunchScreen.xib;
			sourceTree = "<group>";
		};
/* End PBXVariantGroup section */

/* Begin XCBuildConfiguration section */
		9F696AB21A98F7550099B0EF /* Debug */ = {
			isa = XCBuildConfiguration;
			buildSettings = {
				ALWAYS_SEARCH_USER_PATHS = NO;
				CLANG_CXX_LANGUAGE_STANDARD = "gnu++0x";
				CLANG_CXX_LIBRARY = "libc++";
				CLANG_ENABLE_MODULES = YES;
				CLANG_ENABLE_OBJC_ARC = YES;
				CLANG_WARN_BOOL_CONVERSION = YES;
				CLANG_WARN_CONSTANT_CONVERSION = YES;
				CLANG_WARN_DIRECT_OBJC_ISA_USAGE = YES_ERROR;
				CLANG_WARN_EMPTY_BODY = YES;
				CLANG_WARN_ENUM_CONVERSION = YES;
				CLANG_WARN_INT_CONVERSION = YES;
				CLANG_WARN_OBJC_ROOT_CLASS = YES_ERROR;
				CLANG_WARN_UNREACHABLE_CODE = YES;
				CLANG_WARN__DUPLICATE_METHOD_MATCH = YES;
				"CODE_SIGN_IDENTITY[sdk=iphoneos*]" = "iPhone Developer";
				COPY_PHASE_STRIP = NO;
				ENABLE_STRICT_OBJC_MSGSEND = YES;
				GCC_C_LANGUAGE_STANDARD = gnu99;
				GCC_DYNAMIC_NO_PIC = NO;
				GCC_OPTIMIZATION_LEVEL = 0;
				GCC_PREPROCESSOR_DEFINITIONS = (
					"DEBUG=1",
					"$(inherited)",
				);
				GCC_SYMBOLS_PRIVATE_EXTERN = NO;
				GCC_WARN_64_TO_32_BIT_CONVERSION = YES;
				GCC_WARN_ABOUT_RETURN_TYPE = YES_ERROR;
				GCC_WARN_UNDECLARED_SELECTOR = YES;
				GCC_WARN_UNINITIALIZED_AUTOS = YES_AGGRESSIVE;
				GCC_WARN_UNUSED_FUNCTION = YES;
				GCC_WARN_UNUSED_VARIABLE = YES;
				IPHONEOS_DEPLOYMENT_TARGET = 8.1;
				MTL_ENABLE_DEBUG_INFO = YES;
				ONLY_ACTIVE_ARCH = YES;
				SDKROOT = iphoneos;
				SWIFT_OPTIMIZATION_LEVEL = "-Onone";
			};
			name = Debug;
		};
		9F696AB31A98F7550099B0EF /* Release */ = {
			isa = XCBuildConfiguration;
			buildSettings = {
				ALWAYS_SEARCH_USER_PATHS = NO;
				CLANG_CXX_LANGUAGE_STANDARD = "gnu++0x";
				CLANG_CXX_LIBRARY = "libc++";
				CLANG_ENABLE_MODULES = YES;
				CLANG_ENABLE_OBJC_ARC = YES;
				CLANG_WARN_BOOL_CONVERSION = YES;
				CLANG_WARN_CONSTANT_CONVERSION = YES;
				CLANG_WARN_DIRECT_OBJC_ISA_USAGE = YES_ERROR;
				CLANG_WARN_EMPTY_BODY = YES;
				CLANG_WARN_ENUM_CONVERSION = YES;
				CLANG_WARN_INT_CONVERSION = YES;
				CLANG_WARN_OBJC_ROOT_CLASS = YES_ERROR;
				CLANG_WARN_UNREACHABLE_CODE = YES;
				CLANG_WARN__DUPLICATE_METHOD_MATCH = YES;
				"CODE_SIGN_IDENTITY[sdk=iphoneos*]" = "iPhone Developer";
				COPY_PHASE_STRIP = YES;
				ENABLE_NS_ASSERTIONS = NO;
				ENABLE_STRICT_OBJC_MSGSEND = YES;
				GCC_C_LANGUAGE_STANDARD = gnu99;
				GCC_WARN_64_TO_32_BIT_CONVERSION = YES;
				GCC_WARN_ABOUT_RETURN_TYPE = YES_ERROR;
				GCC_WARN_UNDECLARED_SELECTOR = YES;
				GCC_WARN_UNINITIALIZED_AUTOS = YES_AGGRESSIVE;
				GCC_WARN_UNUSED_FUNCTION = YES;
				GCC_WARN_UNUSED_VARIABLE = YES;
				IPHONEOS_DEPLOYMENT_TARGET = 8.1;
				MTL_ENABLE_DEBUG_INFO = NO;
				SDKROOT = iphoneos;
				VALIDATE_PRODUCT = YES;
			};
			name = Release;
		};
		9F696AB51A98F7550099B0EF /* Debug */ = {
			isa = XCBuildConfiguration;
			baseConfigurationReference = 2667C5A86B1846148DCCE327 /* Pods.debug.xcconfig */;
			buildSettings = {
				ASSETCATALOG_COMPILER_APPICON_NAME = AppIcon;
				INFOPLIST_FILE = IceBreaker/Info.plist;
				LD_RUNPATH_SEARCH_PATHS = "$(inherited) @executable_path/Frameworks";
				PRODUCT_NAME = "$(TARGET_NAME)";
				SWIFT_OBJC_BRIDGING_HEADER = "./IceBreaker/Estimote-Bridging-Header.h";
			};
			name = Debug;
		};
		9F696AB61A98F7550099B0EF /* Release */ = {
			isa = XCBuildConfiguration;
			baseConfigurationReference = D784AD8AFE1BB4F74B80B3CA /* Pods.release.xcconfig */;
			buildSettings = {
				ASSETCATALOG_COMPILER_APPICON_NAME = AppIcon;
				INFOPLIST_FILE = IceBreaker/Info.plist;
				LD_RUNPATH_SEARCH_PATHS = "$(inherited) @executable_path/Frameworks";
				PRODUCT_NAME = "$(TARGET_NAME)";
				SWIFT_OBJC_BRIDGING_HEADER = "./IceBreaker/Estimote-Bridging-Header.h";
			};
			name = Release;
		};
		9F696AB81A98F7550099B0EF /* Debug */ = {
			isa = XCBuildConfiguration;
			buildSettings = {
				BUNDLE_LOADER = "$(TEST_HOST)";
				FRAMEWORK_SEARCH_PATHS = (
					"$(SDKROOT)/Developer/Library/Frameworks",
					"$(inherited)",
				);
				GCC_PREPROCESSOR_DEFINITIONS = (
					"DEBUG=1",
					"$(inherited)",
				);
				INFOPLIST_FILE = IceBreakerTests/Info.plist;
				LD_RUNPATH_SEARCH_PATHS = "$(inherited) @executable_path/Frameworks @loader_path/Frameworks";
				PRODUCT_NAME = "$(TARGET_NAME)";
				TEST_HOST = "$(BUILT_PRODUCTS_DIR)/IceBreaker.app/IceBreaker";
			};
			name = Debug;
		};
		9F696AB91A98F7550099B0EF /* Release */ = {
			isa = XCBuildConfiguration;
			buildSettings = {
				BUNDLE_LOADER = "$(TEST_HOST)";
				FRAMEWORK_SEARCH_PATHS = (
					"$(SDKROOT)/Developer/Library/Frameworks",
					"$(inherited)",
				);
				INFOPLIST_FILE = IceBreakerTests/Info.plist;
				LD_RUNPATH_SEARCH_PATHS = "$(inherited) @executable_path/Frameworks @loader_path/Frameworks";
				PRODUCT_NAME = "$(TARGET_NAME)";
				TEST_HOST = "$(BUILT_PRODUCTS_DIR)/IceBreaker.app/IceBreaker";
			};
			name = Release;
		};
/* End XCBuildConfiguration section */

/* Begin XCConfigurationList section */
		9F696A8D1A98F7550099B0EF /* Build configuration list for PBXProject "IceBreaker" */ = {
			isa = XCConfigurationList;
			buildConfigurations = (
				9F696AB21A98F7550099B0EF /* Debug */,
				9F696AB31A98F7550099B0EF /* Release */,
			);
			defaultConfigurationIsVisible = 0;
			defaultConfigurationName = Release;
		};
		9F696AB41A98F7550099B0EF /* Build configuration list for PBXNativeTarget "IceBreaker" */ = {
			isa = XCConfigurationList;
			buildConfigurations = (
				9F696AB51A98F7550099B0EF /* Debug */,
				9F696AB61A98F7550099B0EF /* Release */,
			);
			defaultConfigurationIsVisible = 0;
			defaultConfigurationName = Release;
		};
		9F696AB71A98F7550099B0EF /* Build configuration list for PBXNativeTarget "IceBreakerTests" */ = {
			isa = XCConfigurationList;
			buildConfigurations = (
				9F696AB81A98F7550099B0EF /* Debug */,
				9F696AB91A98F7550099B0EF /* Release */,
			);
			defaultConfigurationIsVisible = 0;
			defaultConfigurationName = Release;
		};
/* End XCConfigurationList section */

/* Begin XCVersionGroup section */
		9F696A991A98F7550099B0EF /* IceBreaker.xcdatamodeld */ = {
			isa = XCVersionGroup;
			children = (
				9F696A9A1A98F7550099B0EF /* IceBreaker.xcdatamodel */,
			);
			currentVersion = 9F696A9A1A98F7550099B0EF /* IceBreaker.xcdatamodel */;
			path = IceBreaker.xcdatamodeld;
			sourceTree = "<group>";
			versionGroupType = wrapper.xcdatamodel;
		};
/* End XCVersionGroup section */
	};
	rootObject = 9F696A8A1A98F7550099B0EF /* Project object */;
}
